PODS:
  - Alamofire (5.5.0)
  - Realm (10.20.1):
    - Realm/Headers (= 10.20.1)
  - Realm/Headers (10.20.1)
  - RealmSwift (10.20.1):
    - Realm (= 10.20.1)
  - XLPagerTabStrip (9.0.0)

DEPENDENCIES:
  - Alamofire
  - RealmSwift
  - XLPagerTabStrip

SPEC REPOS:
  trunk:
    - Alamofire
    - Realm
    - RealmSwift
    - XLPagerTabStrip

SPEC CHECKSUMS:
  Alamofire: 1c4fb5369c3fe93d2857c780d8bbe09f06f97e7c
  Realm: fac5ecd031fcb81171627b74944c885662d4b266
  RealmSwift: 9b02d25acb46a14756bde9893abb99e2e3675923
  XLPagerTabStrip: 61c57fd61f611ee5f01ff1495ad6fbee8bf496c5

PODFILE CHECKSUM: a010984d6c1a5eff5323bda228a71559bf82e47c

COCOAPODS: 1.11.2
