// !$*UTF8*$!
{
	archiveVersion = 1;
	classes = {
	};
	objectVersion = 55;
	objects = {

/* Begin PBXBuildFile section */
		36CAF26D5FFB698A14024178 /* Pods_SampleXLPagerTabStrip_Alamofire.framework in Frameworks */ = {isa = PBXBuildFile; fileRef = AE8B747DF8DC2A0F957BFA85 /* Pods_SampleXLPagerTabStrip_Alamofire.framework */; };
		BA230404278C301300361FA5 /* Regist.storyboard in Resources */ = {isa = PBXBuildFile; fileRef = BA230403278C301300361FA5 /* Regist.storyboard */; };
		BA230406278C306200361FA5 /* PersonList.storyboard in Resources */ = {isa = PBXBuildFile; fileRef = BA230405278C306200361FA5 /* PersonList.storyboard */; };
		BA230408278C307400361FA5 /* QittaList.storyboard in Resources */ = {isa = PBXBuildFile; fileRef = BA230407278C307400361FA5 /* QittaList.storyboard */; };
		BA23040A278C31CD00361FA5 /* RegistViewController.swift in Sources */ = {isa = PBXBuildFile; fileRef = BA230409278C31CD00361FA5 /* RegistViewController.swift */; };
		BA23040C278C31DB00361FA5 /* PersonViewController.swift in Sources */ = {isa = PBXBuildFile; fileRef = BA23040B278C31DB00361FA5 /* PersonViewController.swift */; };
		BA23040E278C31FC00361FA5 /* QittaViewController.swift in Sources */ = {isa = PBXBuildFile; fileRef = BA23040D278C31FC00361FA5 /* QittaViewController.swift */; };
		BA86DA0B278C29F600610768 /* AppDelegate.swift in Sources */ = {isa = PBXBuildFile; fileRef = BA86DA0A278C29F600610768 /* AppDelegate.swift */; };
		BA86DA0D278C29F600610768 /* SceneDelegate.swift in Sources */ = {isa = PBXBuildFile; fileRef = BA86DA0C278C29F600610768 /* SceneDelegate.swift */; };
		BA86DA0F278C29F600610768 /* ViewController.swift in Sources */ = {isa = PBXBuildFile; fileRef = BA86DA0E278C29F600610768 /* ViewController.swift */; };
		BA86DA12278C29F600610768 /* Main.storyboard in Resources */ = {isa = PBXBuildFile; fileRef = BA86DA10278C29F600610768 /* Main.storyboard */; };
		BA86DA14278C29F600610768 /* Assets.xcassets in Resources */ = {isa = PBXBuildFile; fileRef = BA86DA13278C29F600610768 /* Assets.xcassets */; };
		BA86DA17278C29F600610768 /* LaunchScreen.storyboard in Resources */ = {isa = PBXBuildFile; fileRef = BA86DA15278C29F600610768 /* LaunchScreen.storyboard */; };
/* End PBXBuildFile section */

/* Begin PBXFileReference section */
		73DFFEE65E1B19235C31CA06 /* Pods-SampleXLPagerTabStrip_Alamofire.debug.xcconfig */ = {isa = PBXFileReference; includeInIndex = 1; lastKnownFileType = text.xcconfig; name = "Pods-SampleXLPagerTabStrip_Alamofire.debug.xcconfig"; path = "Target Support Files/Pods-SampleXLPagerTabStrip_Alamofire/Pods-SampleXLPagerTabStrip_Alamofire.debug.xcconfig"; sourceTree = "<group>"; };
		AE8B747DF8DC2A0F957BFA85 /* Pods_SampleXLPagerTabStrip_Alamofire.framework */ = {isa = PBXFileReference; explicitFileType = wrapper.framework; includeInIndex = 0; path = Pods_SampleXLPagerTabStrip_Alamofire.framework; sourceTree = BUILT_PRODUCTS_DIR; };
		B5B233F4BD04C92774018B1C /* Pods-SampleXLPagerTabStrip_Alamofire.release.xcconfig */ = {isa = PBXFileReference; includeInIndex = 1; lastKnownFileType = text.xcconfig; name = "Pods-SampleXLPagerTabStrip_Alamofire.release.xcconfig"; path = "Target Support Files/Pods-SampleXLPagerTabStrip_Alamofire/Pods-SampleXLPagerTabStrip_Alamofire.release.xcconfig"; sourceTree = "<group>"; };
		BA230403278C301300361FA5 /* Regist.storyboard */ = {isa = PBXFileReference; lastKnownFileType = file.storyboard; path = Regist.storyboard; sourceTree = "<group>"; };
		BA230405278C306200361FA5 /* PersonList.storyboard */ = {isa = PBXFileReference; lastKnownFileType = file.storyboard; path = PersonList.storyboard; sourceTree = "<group>"; };
		BA230407278C307400361FA5 /* QittaList.storyboard */ = {isa = PBXFileReference; lastKnownFileType = file.storyboard; path = QittaList.storyboard; sourceTree = "<group>"; };
		BA230409278C31CD00361FA5 /* RegistViewController.swift */ = {isa = PBXFileReference; lastKnownFileType = sourcecode.swift; path = RegistViewController.swift; sourceTree = "<group>"; };
		BA23040B278C31DB00361FA5 /* PersonViewController.swift */ = {isa = PBXFileReference; lastKnownFileType = sourcecode.swift; path = PersonViewController.swift; sourceTree = "<group>"; };
		BA23040D278C31FC00361FA5 /* QittaViewController.swift */ = {isa = PBXFileReference; lastKnownFileType = sourcecode.swift; path = QittaViewController.swift; sourceTree = "<group>"; };
		BA86DA07278C29F600610768 /* SampleXLPagerTabStrip_Alamofire.app */ = {isa = PBXFileReference; explicitFileType = wrapper.application; includeInIndex = 0; path = SampleXLPagerTabStrip_Alamofire.app; sourceTree = BUILT_PRODUCTS_DIR; };
		BA86DA0A278C29F600610768 /* AppDelegate.swift */ = {isa = PBXFileReference; lastKnownFileType = sourcecode.swift; path = AppDelegate.swift; sourceTree = "<group>"; };
		BA86DA0C278C29F600610768 /* SceneDelegate.swift */ = {isa = PBXFileReference; lastKnownFileType = sourcecode.swift; path = SceneDelegate.swift; sourceTree = "<group>"; };
		BA86DA0E278C29F600610768 /* ViewController.swift */ = {isa = PBXFileReference; lastKnownFileType = sourcecode.swift; path = ViewController.swift; sourceTree = "<group>"; };
		BA86DA11278C29F600610768 /* Base */ = {isa = PBXFileReference; lastKnownFileType = file.storyboard; name = Base; path = Base.lproj/Main.storyboard; sourceTree = "<group>"; };
		BA86DA13278C29F600610768 /* Assets.xcassets */ = {isa = PBXFileReference; lastKnownFileType = folder.assetcatalog; path = Assets.xcassets; sourceTree = "<group>"; };
		BA86DA16278C29F600610768 /* Base */ = {isa = PBXFileReference; lastKnownFileType = file.storyboard; name = Base; path = Base.lproj/LaunchScreen.storyboard; sourceTree = "<group>"; };
		BA86DA18278C29F600610768 /* Info.plist */ = {isa = PBXFileReference; lastKnownFileType = text.plist.xml; path = Info.plist; sourceTree = "<group>"; };
/* End PBXFileReference section */

/* Begin PBXFrameworksBuildPhase section */
		BA86DA04278C29F600610768 /* Frameworks */ = {
			isa = PBXFrameworksBuildPhase;
			buildActionMask = 2147483647;
			files = (
				36CAF26D5FFB698A14024178 /* Pods_SampleXLPagerTabStrip_Alamofire.framework in Frameworks */,
			);
			runOnlyForDeploymentPostprocessing = 0;
		};
/* End PBXFrameworksBuildPhase section */

/* Begin PBXGroup section */
		4722F482D99B6EE43CF1C5AE /* Pods */ = {
			isa = PBXGroup;
			children = (
				73DFFEE65E1B19235C31CA06 /* Pods-SampleXLPagerTabStrip_Alamofire.debug.xcconfig */,
				B5B233F4BD04C92774018B1C /* Pods-SampleXLPagerTabStrip_Alamofire.release.xcconfig */,
			);
			path = Pods;
			sourceTree = "<group>";
		};
		BA230400278C2BA300361FA5 /* Controller */ = {
			isa = PBXGroup;
			children = (
				BA86DA0E278C29F600610768 /* ViewController.swift */,
				BA230409278C31CD00361FA5 /* RegistViewController.swift */,
				BA23040B278C31DB00361FA5 /* PersonViewController.swift */,
				BA23040D278C31FC00361FA5 /* QittaViewController.swift */,
			);
			path = Controller;
			sourceTree = "<group>";
		};
		BA230401278C2BB200361FA5 /* View */ = {
			isa = PBXGroup;
			children = (
				BA86DA10278C29F600610768 /* Main.storyboard */,
				BA230403278C301300361FA5 /* Regist.storyboard */,
				BA230405278C306200361FA5 /* PersonList.storyboard */,
				BA230407278C307400361FA5 /* QittaList.storyboard */,
			);
			path = View;
			sourceTree = "<group>";
		};
		BA230402278C2BB900361FA5 /* Model */ = {
			isa = PBXGroup;
			children = (
			);
			path = Model;
			sourceTree = "<group>";
		};
		BA86D9FE278C29F600610768 = {
			isa = PBXGroup;
			children = (
				BA86DA09278C29F600610768 /* SampleXLPagerTabStrip_Alamofire */,
				BA86DA08278C29F600610768 /* Products */,
				4722F482D99B6EE43CF1C5AE /* Pods */,
				D597F281019F97205214B081 /* Frameworks */,
			);
			sourceTree = "<group>";
		};
		BA86DA08278C29F600610768 /* Products */ = {
			isa = PBXGroup;
			children = (
				BA86DA07278C29F600610768 /* SampleXLPagerTabStrip_Alamofire.app */,
			);
			name = Products;
			sourceTree = "<group>";
		};
		BA86DA09278C29F600610768 /* SampleXLPagerTabStrip_Alamofire */ = {
			isa = PBXGroup;
			children = (
				BA230402278C2BB900361FA5 /* Model */,
				BA230401278C2BB200361FA5 /* View */,
				BA230400278C2BA300361FA5 /* Controller */,
				BA86DA0A278C29F600610768 /* AppDelegate.swift */,
				BA86DA0C278C29F600610768 /* SceneDelegate.swift */,
				BA86DA13278C29F600610768 /* Assets.xcassets */,
				BA86DA15278C29F600610768 /* LaunchScreen.storyboard */,
				BA86DA18278C29F600610768 /* Info.plist */,
			);
			path = SampleXLPagerTabStrip_Alamofire;
			sourceTree = "<group>";
		};
		D597F281019F97205214B081 /* Frameworks */ = {
			isa = PBXGroup;
			children = (
				AE8B747DF8DC2A0F957BFA85 /* Pods_SampleXLPagerTabStrip_Alamofire.framework */,
			);
			name = Frameworks;
			sourceTree = "<group>";
		};
/* End PBXGroup section */

/* Begin PBXNativeTarget section */
		BA86DA06278C29F600610768 /* SampleXLPagerTabStrip_Alamofire */ = {
			isa = PBXNativeTarget;
			buildConfigurationList = BA86DA1B278C29F600610768 /* Build configuration list for PBXNativeTarget "SampleXLPagerTabStrip_Alamofire" */;
			buildPhases = (
				B9B90A6C112424139B82073B /* [CP] Check Pods Manifest.lock */,
				BA86DA03278C29F600610768 /* Sources */,
				BA86DA04278C29F600610768 /* Frameworks */,
				BA86DA05278C29F600610768 /* Resources */,
				8C29474AD2FC6B5C56831DB4 /* [CP] Embed Pods Frameworks */,
			);
			buildRules = (
			);
			dependencies = (
			);
			name = SampleXLPagerTabStrip_Alamofire;
			productName = SampleXLPagerTabStrip_Alamofire;
			productReference = BA86DA07278C29F600610768 /* SampleXLPagerTabStrip_Alamofire.app */;
			productType = "com.apple.product-type.application";
		};
/* End PBXNativeTarget section */

/* Begin PBXProject section */
		BA86D9FF278C29F600610768 /* Project object */ = {
			isa = PBXProject;
			attributes = {
				BuildIndependentTargetsInParallel = 1;
				LastSwiftUpdateCheck = 1320;
				LastUpgradeCheck = 1320;
				TargetAttributes = {
					BA86DA06278C29F600610768 = {
						CreatedOnToolsVersion = 13.2.1;
					};
				};
			};
			buildConfigurationList = BA86DA02278C29F600610768 /* Build configuration list for PBXProject "SampleXLPagerTabStrip_Alamofire" */;
			compatibilityVersion = "Xcode 13.0";
			developmentRegion = en;
			hasScannedForEncodings = 0;
			knownRegions = (
				en,
				Base,
			);
			mainGroup = BA86D9FE278C29F600610768;
			productRefGroup = BA86DA08278C29F600610768 /* Products */;
			projectDirPath = "";
			projectRoot = "";
			targets = (
				BA86DA06278C29F600610768 /* SampleXLPagerTabStrip_Alamofire */,
			);
		};
/* End PBXProject section */

/* Begin PBXResourcesBuildPhase section */
		BA86DA05278C29F600610768 /* Resources */ = {
			isa = PBXResourcesBuildPhase;
			buildActionMask = 2147483647;
			files = (
				BA230406278C306200361FA5 /* PersonList.storyboard in Resources */,
				BA86DA17278C29F600610768 /* LaunchScreen.storyboard in Resources */,
				BA86DA14278C29F600610768 /* Assets.xcassets in Resources */,
				BA230404278C301300361FA5 /* Regist.storyboard in Resources */,
				BA230408278C307400361FA5 /* QittaList.storyboard in Resources */,
				BA86DA12278C29F600610768 /* Main.storyboard in Resources */,
			);
			runOnlyForDeploymentPostprocessing = 0;
		};
/* End PBXResourcesBuildPhase section */

/* Begin PBXShellScriptBuildPhase section */
		8C29474AD2FC6B5C56831DB4 /* [CP] Embed Pods Frameworks */ = {
			isa = PBXShellScriptBuildPhase;
			buildActionMask = 2147483647;
			files = (
			);
			inputFileListPaths = (
				"${PODS_ROOT}/Target Support Files/Pods-SampleXLPagerTabStrip_Alamofire/Pods-SampleXLPagerTabStrip_Alamofire-frameworks-${CONFIGURATION}-input-files.xcfilelist",
			);
			name = "[CP] Embed Pods Frameworks";
			outputFileListPaths = (
				"${PODS_ROOT}/Target Support Files/Pods-SampleXLPagerTabStrip_Alamofire/Pods-SampleXLPagerTabStrip_Alamofire-frameworks-${CONFIGURATION}-output-files.xcfilelist",
			);
			runOnlyForDeploymentPostprocessing = 0;
			shellPath = /bin/sh;
			shellScript = "\"${PODS_ROOT}/Target Support Files/Pods-SampleXLPagerTabStrip_Alamofire/Pods-SampleXLPagerTabStrip_Alamofire-frameworks.sh\"\n";
			showEnvVarsInLog = 0;
		};
		B9B90A6C112424139B82073B /* [CP] Check Pods Manifest.lock */ = {
			isa = PBXShellScriptBuildPhase;
			buildActionMask = 2147483647;
			files = (
			);
			inputFileListPaths = (
			);
			inputPaths = (
				"${PODS_PODFILE_DIR_PATH}/Podfile.lock",
				"${PODS_ROOT}/Manifest.lock",
			);
			name = "[CP] Check Pods Manifest.lock";
			outputFileListPaths = (
			);
			outputPaths = (
				"$(DERIVED_FILE_DIR)/Pods-SampleXLPagerTabStrip_Alamofire-checkManifestLockResult.txt",
			);
			runOnlyForDeploymentPostprocessing = 0;
			shellPath = /bin/sh;
			shellScript = "diff \"${PODS_PODFILE_DIR_PATH}/Podfile.lock\" \"${PODS_ROOT}/Manifest.lock\" > /dev/null\nif [ $? != 0 ] ; then\n    # print error to STDERR\n    echo \"error: The sandbox is not in sync with the Podfile.lock. Run 'pod install' or update your CocoaPods installation.\" >&2\n    exit 1\nfi\n# This output is used by Xcode 'outputs' to avoid re-running this script phase.\necho \"SUCCESS\" > \"${SCRIPT_OUTPUT_FILE_0}\"\n";
			showEnvVarsInLog = 0;
		};
/* End PBXShellScriptBuildPhase section */

/* Begin PBXSourcesBuildPhase section */
		BA86DA03278C29F600610768 /* Sources */ = {
			isa = PBXSourcesBuildPhase;
			buildActionMask = 2147483647;
			files = (
				BA23040C278C31DB00361FA5 /* PersonViewController.swift in Sources */,
				BA86DA0F278C29F600610768 /* ViewController.swift in Sources */,
				BA86DA0B278C29F600610768 /* AppDelegate.swift in Sources */,
				BA23040A278C31CD00361FA5 /* RegistViewController.swift in Sources */,
				BA23040E278C31FC00361FA5 /* QittaViewController.swift in Sources */,
				BA86DA0D278C29F600610768 /* SceneDelegate.swift in Sources */,
			);
			runOnlyForDeploymentPostprocessing = 0;
		};
/* End PBXSourcesBuildPhase section */

/* Begin PBXVariantGroup section */
		BA86DA10278C29F600610768 /* Main.storyboard */ = {
			isa = PBXVariantGroup;
			children = (
				BA86DA11278C29F600610768 /* Base */,
			);
			name = Main.storyboard;
			sourceTree = "<group>";
		};
		BA86DA15278C29F600610768 /* LaunchScreen.storyboard */ = {
			isa = PBXVariantGroup;
			children = (
				BA86DA16278C29F600610768 /* Base */,
			);
			name = LaunchScreen.storyboard;
			sourceTree = "<group>";
		};
/* End PBXVariantGroup section */

/* Begin XCBuildConfiguration section */
		BA86DA19278C29F600610768 /* Debug */ = {
			isa = XCBuildConfiguration;
			buildSettings = {
				ALWAYS_SEARCH_USER_PATHS = NO;
				CLANG_ANALYZER_NONNULL = YES;
				CLANG_ANALYZER_NUMBER_OBJECT_CONVERSION = YES_AGGRESSIVE;
				CLANG_CXX_LANGUAGE_STANDARD = "gnu++17";
				CLANG_CXX_LIBRARY = "libc++";
				CLANG_ENABLE_MODULES = YES;
				CLANG_ENABLE_OBJC_ARC = YES;
				CLANG_ENABLE_OBJC_WEAK = YES;
				CLANG_WARN_BLOCK_CAPTURE_AUTORELEASING = YES;
				CLANG_WARN_BOOL_CONVERSION = YES;
				CLANG_WARN_COMMA = YES;
				CLANG_WARN_CONSTANT_CONVERSION = YES;
				CLANG_WARN_DEPRECATED_OBJC_IMPLEMENTATIONS = YES;
				CLANG_WARN_DIRECT_OBJC_ISA_USAGE = YES_ERROR;
				CLANG_WARN_DOCUMENTATION_COMMENTS = YES;
				CLANG_WARN_EMPTY_BODY = YES;
				CLANG_WARN_ENUM_CONVERSION = YES;
				CLANG_WARN_INFINITE_RECURSION = YES;
				CLANG_WARN_INT_CONVERSION = YES;
				CLANG_WARN_NON_LITERAL_NULL_CONVERSION = YES;
				CLANG_WARN_OBJC_IMPLICIT_RETAIN_SELF = YES;
				CLANG_WARN_OBJC_LITERAL_CONVERSION = YES;
				CLANG_WARN_OBJC_ROOT_CLASS = YES_ERROR;
				CLANG_WARN_QUOTED_INCLUDE_IN_FRAMEWORK_HEADER = YES;
				CLANG_WARN_RANGE_LOOP_ANALYSIS = YES;
				CLANG_WARN_STRICT_PROTOTYPES = YES;
				CLANG_WARN_SUSPICIOUS_MOVE = YES;
				CLANG_WARN_UNGUARDED_AVAILABILITY = YES_AGGRESSIVE;
				CLANG_WARN_UNREACHABLE_CODE = YES;
				CLANG_WARN__DUPLICATE_METHOD_MATCH = YES;
				COPY_PHASE_STRIP = NO;
				DEBUG_INFORMATION_FORMAT = dwarf;
				ENABLE_STRICT_OBJC_MSGSEND = YES;
				ENABLE_TESTABILITY = YES;
				GCC_C_LANGUAGE_STANDARD = gnu11;
				GCC_DYNAMIC_NO_PIC = NO;
				GCC_NO_COMMON_BLOCKS = YES;
				GCC_OPTIMIZATION_LEVEL = 0;
				GCC_PREPROCESSOR_DEFINITIONS = (
					"DEBUG=1",
					"$(inherited)",
				);
				GCC_WARN_64_TO_32_BIT_CONVERSION = YES;
				GCC_WARN_ABOUT_RETURN_TYPE = YES_ERROR;
				GCC_WARN_UNDECLARED_SELECTOR = YES;
				GCC_WARN_UNINITIALIZED_AUTOS = YES_AGGRESSIVE;
				GCC_WARN_UNUSED_FUNCTION = YES;
				GCC_WARN_UNUSED_VARIABLE = YES;
				IPHONEOS_DEPLOYMENT_TARGET = 15.1;
				MTL_ENABLE_DEBUG_INFO = INCLUDE_SOURCE;
				MTL_FAST_MATH = YES;
				ONLY_ACTIVE_ARCH = YES;
				SDKROOT = iphoneos;
				SWIFT_ACTIVE_COMPILATION_CONDITIONS = DEBUG;
				SWIFT_OPTIMIZATION_LEVEL = "-Onone";
			};
			name = Debug;
		};
		BA86DA1A278C29F600610768 /* Release */ = {
			isa = XCBuildConfiguration;
			buildSettings = {
				ALWAYS_SEARCH_USER_PATHS = NO;
				CLANG_ANALYZER_NONNULL = YES;
				CLANG_ANALYZER_NUMBER_OBJECT_CONVERSION = YES_AGGRESSIVE;
				CLANG_CXX_LANGUAGE_STANDARD = "gnu++17";
				CLANG_CXX_LIBRARY = "libc++";
				CLANG_ENABLE_MODULES = YES;
				CLANG_ENABLE_OBJC_ARC = YES;
				CLANG_ENABLE_OBJC_WEAK = YES;
				CLANG_WARN_BLOCK_CAPTURE_AUTORELEASING = YES;
				CLANG_WARN_BOOL_CONVERSION = YES;
				CLANG_WARN_COMMA = YES;
				CLANG_WARN_CONSTANT_CONVERSION = YES;
				CLANG_WARN_DEPRECATED_OBJC_IMPLEMENTATIONS = YES;
				CLANG_WARN_DIRECT_OBJC_ISA_USAGE = YES_ERROR;
				CLANG_WARN_DOCUMENTATION_COMMENTS = YES;
				CLANG_WARN_EMPTY_BODY = YES;
				CLANG_WARN_ENUM_CONVERSION = YES;
				CLANG_WARN_INFINITE_RECURSION = YES;
				CLANG_WARN_INT_CONVERSION = YES;
				CLANG_WARN_NON_LITERAL_NULL_CONVERSION = YES;
				CLANG_WARN_OBJC_IMPLICIT_RETAIN_SELF = YES;
				CLANG_WARN_OBJC_LITERAL_CONVERSION = YES;
				CLANG_WARN_OBJC_ROOT_CLASS = YES_ERROR;
				CLANG_WARN_QUOTED_INCLUDE_IN_FRAMEWORK_HEADER = YES;
				CLANG_WARN_RANGE_LOOP_ANALYSIS = YES;
				CLANG_WARN_STRICT_PROTOTYPES = YES;
				CLANG_WARN_SUSPICIOUS_MOVE = YES;
				CLANG_WARN_UNGUARDED_AVAILABILITY = YES_AGGRESSIVE;
				CLANG_WARN_UNREACHABLE_CODE = YES;
				CLANG_WARN__DUPLICATE_METHOD_MATCH = YES;
				COPY_PHASE_STRIP = NO;
				DEBUG_INFORMATION_FORMAT = "dwarf-with-dsym";
				ENABLE_NS_ASSERTIONS = NO;
				ENABLE_STRICT_OBJC_MSGSEND = YES;
				GCC_C_LANGUAGE_STANDARD = gnu11;
				GCC_NO_COMMON_BLOCKS = YES;
				GCC_WARN_64_TO_32_BIT_CONVERSION = YES;
				GCC_WARN_ABOUT_RETURN_TYPE = YES_ERROR;
				GCC_WARN_UNDECLARED_SELECTOR = YES;
				GCC_WARN_UNINITIALIZED_AUTOS = YES_AGGRESSIVE;
				GCC_WARN_UNUSED_FUNCTION = YES;
				GCC_WARN_UNUSED_VARIABLE = YES;
				IPHONEOS_DEPLOYMENT_TARGET = 15.1;
				MTL_ENABLE_DEBUG_INFO = NO;
				MTL_FAST_MATH = YES;
				SDKROOT = iphoneos;
				SWIFT_COMPILATION_MODE = wholemodule;
				SWIFT_OPTIMIZATION_LEVEL = "-O";
				VALIDATE_PRODUCT = YES;
			};
			name = Release;
		};
		BA86DA1C278C29F600610768 /* Debug */ = {
			isa = XCBuildConfiguration;
			baseConfigurationReference = 73DFFEE65E1B19235C31CA06 /* Pods-SampleXLPagerTabStrip_Alamofire.debug.xcconfig */;
			buildSettings = {
				ASSETCATALOG_COMPILER_APPICON_NAME = AppIcon;
				ASSETCATALOG_COMPILER_GLOBAL_ACCENT_COLOR_NAME = AccentColor;
				CODE_SIGN_STYLE = Automatic;
				CURRENT_PROJECT_VERSION = 1;
				DEVELOPMENT_TEAM = 8ARG4D8LX2;
				GENERATE_INFOPLIST_FILE = YES;
				INFOPLIST_FILE = SampleXLPagerTabStrip_Alamofire/Info.plist;
				INFOPLIST_KEY_UIApplicationSupportsIndirectInputEvents = YES;
				INFOPLIST_KEY_UILaunchStoryboardName = LaunchScreen;
				INFOPLIST_KEY_UIMainStoryboardFile = Main;
				INFOPLIST_KEY_UISupportedInterfaceOrientations_iPad = "UIInterfaceOrientationPortrait UIInterfaceOrientationPortraitUpsideDown UIInterfaceOrientationLandscapeLeft UIInterfaceOrientationLandscapeRight";
				INFOPLIST_KEY_UISupportedInterfaceOrientations_iPhone = "UIInterfaceOrientationPortrait UIInterfaceOrientationLandscapeLeft UIInterfaceOrientationLandscapeRight";
				LD_RUNPATH_SEARCH_PATHS = (
					"$(inherited)",
					"@executable_path/Frameworks",
				);
				MARKETING_VERSION = 1.0;
				PRODUCT_BUNDLE_IDENTIFIER = "com.shouhei.SampleXLPagerTabStrip-Alamofire";
				PRODUCT_NAME = "$(TARGET_NAME)";
				SWIFT_EMIT_LOC_STRINGS = YES;
				SWIFT_VERSION = 5.0;
				TARGETED_DEVICE_FAMILY = 1;
			};
			name = Debug;
		};
		BA86DA1D278C29F600610768 /* Release */ = {
			isa = XCBuildConfiguration;
			baseConfigurationReference = B5B233F4BD04C92774018B1C /* Pods-SampleXLPagerTabStrip_Alamofire.release.xcconfig */;
			buildSettings = {
				ASSETCATALOG_COMPILER_APPICON_NAME = AppIcon;
				ASSETCATALOG_COMPILER_GLOBAL_ACCENT_COLOR_NAME = AccentColor;
				CODE_SIGN_STYLE = Automatic;
				CURRENT_PROJECT_VERSION = 1;
				DEVELOPMENT_TEAM = 8ARG4D8LX2;
				GENERATE_INFOPLIST_FILE = YES;
				INFOPLIST_FILE = SampleXLPagerTabStrip_Alamofire/Info.plist;
				INFOPLIST_KEY_UIApplicationSupportsIndirectInputEvents = YES;
				INFOPLIST_KEY_UILaunchStoryboardName = LaunchScreen;
				INFOPLIST_KEY_UIMainStoryboardFile = Main;
				INFOPLIST_KEY_UISupportedInterfaceOrientations_iPad = "UIInterfaceOrientationPortrait UIInterfaceOrientationPortraitUpsideDown UIInterfaceOrientationLandscapeLeft UIInterfaceOrientationLandscapeRight";
				INFOPLIST_KEY_UISupportedInterfaceOrientations_iPhone = "UIInterfaceOrientationPortrait UIInterfaceOrientationLandscapeLeft UIInterfaceOrientationLandscapeRight";
				LD_RUNPATH_SEARCH_PATHS = (
					"$(inherited)",
					"@executable_path/Frameworks",
				);
				MARKETING_VERSION = 1.0;
				PRODUCT_BUNDLE_IDENTIFIER = "com.shouhei.SampleXLPagerTabStrip-Alamofire";
				PRODUCT_NAME = "$(TARGET_NAME)";
				SWIFT_EMIT_LOC_STRINGS = YES;
				SWIFT_VERSION = 5.0;
				TARGETED_DEVICE_FAMILY = 1;
			};
			name = Release;
		};
/* End XCBuildConfiguration section */

/* Begin XCConfigurationList section */
		BA86DA02278C29F600610768 /* Build configuration list for PBXProject "SampleXLPagerTabStrip_Alamofire" */ = {
			isa = XCConfigurationList;
			buildConfigurations = (
				BA86DA19278C29F600610768 /* Debug */,
				BA86DA1A278C29F600610768 /* Release */,
			);
			defaultConfigurationIsVisible = 0;
			defaultConfigurationName = Release;
		};
		BA86DA1B278C29F600610768 /* Build configuration list for PBXNativeTarget "SampleXLPagerTabStrip_Alamofire" */ = {
			isa = XCConfigurationList;
			buildConfigurations = (
				BA86DA1C278C29F600610768 /* Debug */,
				BA86DA1D278C29F600610768 /* Release */,
			);
			defaultConfigurationIsVisible = 0;
			defaultConfigurationName = Release;
		};
/* End XCConfigurationList section */
	};
	rootObject = BA86D9FF278C29F600610768 /* Project object */;
}
